
Microsoft Visual Studio Solution File, Format Version 12.00
# Visual Studio Version 17
VisualStudioVersion = 17.14.36301.6 d17.14
MinimumVisualStudioVersion = 10.0.40219.1
Project("{FAE04EC0-301F-11D3-BF4B-00C04F79EFBC}") = "case1", "case1.csproj", "{2B942BF4-3C0A-4FD0-85C6-268C0E74F79D}"
EndProject
Global
	GlobalSection(SolutionConfigurationPlatforms) = preSolution
		Debug|Any CPU = Debug|Any CPU
		Release|Any CPU = Release|Any CPU
	EndGlobalSection
	GlobalSection(ProjectConfigurationPlatforms) = postSolution
		{2B942BF4-3C0A-4FD0-85C6-268C0E74F79D}.Debug|Any CPU.ActiveCfg = Debug|Any CPU
		{2B942BF4-3C0A-4FD0-85C6-268C0E74F79D}.Debug|Any CPU.Build.0 = Debug|Any CPU
		{2B942BF4-3C0A-4FD0-85C6-268C0E74F79D}.Release|Any CPU.ActiveCfg = Release|Any CPU
		{2B942BF4-3C0A-4FD0-85C6-268C0E74F79D}.Release|Any CPU.Build.0 = Release|Any CPU
	EndGlobalSection
	GlobalSection(SolutionProperties) = preSolution
		HideSolutionNode = FALSE
	EndGlobalSection
	GlobalSection(ExtensibilityGlobals) = postSolution
		SolutionGuid = {31853250-B1CD-4604-9DAD-CF6DE8E1B79B}
	EndGlobalSection
EndGlobal
